{
  "name": "package-diff",
  "version": "1.0.0",
  "lockfileVersion": 1,
  "requires": true,
  "dependencies": {
    "console-table-printer": {
      "version": "2.5.1",
      "resolved": "http://artifactory.intra.xiaojukeji.com:80/artifactory/api/npm/npm/console-table-printer/download/console-table-printer-2.5.1.tgz",
      "integrity": "sha1-3718ybWg6bro+I4tgGH610CGe90=",
      "dev": true
    }
  }
}
